github.com/carlmjohnson/deque v0.0.0-20220314201701-25d6e8c963fb h1:gOllQxBDhisNIBsYmrwhLuvPUXEbVEYX7qCuFSmtI9k=
github.com/carlmjohnson/deque v0.0.0-20220314201701-25d6e8c963fb/go.mod h1:6171GeeDBqexi4z2OoIsqfJfD2BK+MdlhfwOxurcniA=
golang.org/x/exp v0.0.0-20220314205449-43aec2f8a4e7 h1:jynE66seADJbyWMUdeOyVTvPtBZt7L6LJHupGwxPZRM=
golang.org/x/exp v0.0.0-20220314205449-43aec2f8a4e7/go.mod h1:lgLbSvA5ygNOMpwM/9anMpWVlVJ7Z+cHWq/eFuinpGE=
